// !$*UTF8*$!
{
	archiveVersion = 1;
	classes = {
	};
	objectVersion = 56;
	objects = {

/* Begin PBXBuildFile section */
		B818BA942BA4B67200CF433C /* welcome.mp4 in Resources */ = {isa = PBXBuildFile; fileRef = B818BA932BA4B67200CF433C /* welcome.mp4 */; };
		B818BA992BA4FE0E00CF433C /* Goal.swift in Sources */ = {isa = PBXBuildFile; fileRef = B818BA982BA4FE0E00CF433C /* Goal.swift */; };
		B818BA9B2BA4FE1600CF433C /* GoalTask.swift in Sources */ = {isa = PBXBuildFile; fileRef = B818BA9A2BA4FE1600CF433C /* GoalTask.swift */; };
		B818BA9D2BA5179100CF433C /* WelcomeView.swift in Sources */ = {isa = PBXBuildFile; fileRef = B818BA9C2BA5179100CF433C /* WelcomeView.swift */; };
		B818BAA82BA519B000CF433C /* EditGoalView.swift in Sources */ = {isa = PBXBuildFile; fileRef = B818BAA72BA519B000CF433C /* EditGoalView.swift */; };
		B818BAAA2BA53C9800CF433C /* WelcomeCreateGoalView.swift in Sources */ = {isa = PBXBuildFile; fileRef = B818BAA92BA53C9800CF433C /* WelcomeCreateGoalView.swift */; };
		B84605112BA6831800505F44 /* GoalNavigationStack.swift in Sources */ = {isa = PBXBuildFile; fileRef = B84605102BA6831800505F44 /* GoalNavigationStack.swift */; };
		B84605132BA684BB00505F44 /* GoalView.swift in Sources */ = {isa = PBXBuildFile; fileRef = B84605122BA684BB00505F44 /* GoalView.swift */; };
		B84605152BA6885700505F44 /* GoalTaskRowView.swift in Sources */ = {isa = PBXBuildFile; fileRef = B84605142BA6885700505F44 /* GoalTaskRowView.swift */; };
		B84605172BA68BA200505F44 /* Extensions.swift in Sources */ = {isa = PBXBuildFile; fileRef = B84605162BA68BA200505F44 /* Extensions.swift */; };
		B8B1E1332BA3B10E00ECC399 /* ImpossibleDreamApp.swift in Sources */ = {isa = PBXBuildFile; fileRef = B8B1E1322BA3B10E00ECC399 /* ImpossibleDreamApp.swift */; };
		B8B1E1352BA3B10E00ECC399 /* ContentView.swift in Sources */ = {isa = PBXBuildFile; fileRef = B8B1E1342BA3B10E00ECC399 /* ContentView.swift */; };
		B8B1E1372BA3B10F00ECC399 /* Assets.xcassets in Resources */ = {isa = PBXBuildFile; fileRef = B8B1E1362BA3B10F00ECC399 /* Assets.xcassets */; };
		B8B1E13B2BA3B10F00ECC399 /* Preview Assets.xcassets in Resources */ = {isa = PBXBuildFile; fileRef = B8B1E13A2BA3B10F00ECC399 /* Preview Assets.xcassets */; };
		B8B1E1422BA3CE7200ECC399 /* WelcomeVideoViewController.swift in Sources */ = {isa = PBXBuildFile; fileRef = B8B1E1412BA3CE7200ECC399 /* WelcomeVideoViewController.swift */; };
		B8B1E1482BA3D0A900ECC399 /* WelcomeVideo.swift in Sources */ = {isa = PBXBuildFile; fileRef = B8B1E1472BA3D0A900ECC399 /* WelcomeVideo.swift */; };
		B8DE91FE2BA40605000DB1B4 /* RainbowGridView.swift in Sources */ = {isa = PBXBuildFile; fileRef = B8DE91FD2BA40605000DB1B4 /* RainbowGridView.swift */; };
		B8DE92012BA412F9000DB1B4 /* CoreHapticsManager.swift in Sources */ = {isa = PBXBuildFile; fileRef = B8DE92002BA412F9000DB1B4 /* CoreHapticsManager.swift */; };
/* End PBXBuildFile section */

/* Begin PBXFileReference section */
		B818BA932BA4B67200CF433C /* welcome.mp4 */ = {isa = PBXFileReference; lastKnownFileType = file; path = welcome.mp4; sourceTree = "<group>"; };
		B818BA982BA4FE0E00CF433C /* Goal.swift */ = {isa = PBXFileReference; lastKnownFileType = sourcecode.swift; path = Goal.swift; sourceTree = "<group>"; };
		B818BA9A2BA4FE1600CF433C /* GoalTask.swift */ = {isa = PBXFileReference; lastKnownFileType = sourcecode.swift; path = GoalTask.swift; sourceTree = "<group>"; };
		B818BA9C2BA5179100CF433C /* WelcomeView.swift */ = {isa = PBXFileReference; lastKnownFileType = sourcecode.swift; path = WelcomeView.swift; sourceTree = "<group>"; };
		B818BAA72BA519B000CF433C /* EditGoalView.swift */ = {isa = PBXFileReference; lastKnownFileType = sourcecode.swift; path = EditGoalView.swift; sourceTree = "<group>"; };
		B818BAA92BA53C9800CF433C /* WelcomeCreateGoalView.swift */ = {isa = PBXFileReference; lastKnownFileType = sourcecode.swift; path = WelcomeCreateGoalView.swift; sourceTree = "<group>"; };
		B84605102BA6831800505F44 /* GoalNavigationStack.swift */ = {isa = PBXFileReference; lastKnownFileType = sourcecode.swift; path = GoalNavigationStack.swift; sourceTree = "<group>"; };
		B84605122BA684BB00505F44 /* GoalView.swift */ = {isa = PBXFileReference; lastKnownFileType = sourcecode.swift; path = GoalView.swift; sourceTree = "<group>"; };
		B84605142BA6885700505F44 /* GoalTaskRowView.swift */ = {isa = PBXFileReference; lastKnownFileType = sourcecode.swift; path = GoalTaskRowView.swift; sourceTree = "<group>"; };
		B84605162BA68BA200505F44 /* Extensions.swift */ = {isa = PBXFileReference; lastKnownFileType = sourcecode.swift; path = Extensions.swift; sourceTree = "<group>"; };
		B8B1E12F2BA3B10E00ECC399 /* ImpossibleDream.app */ = {isa = PBXFileReference; explicitFileType = wrapper.application; includeInIndex = 0; path = ImpossibleDream.app; sourceTree = BUILT_PRODUCTS_DIR; };
		B8B1E1322BA3B10E00ECC399 /* ImpossibleDreamApp.swift */ = {isa = PBXFileReference; lastKnownFileType = sourcecode.swift; path = ImpossibleDreamApp.swift; sourceTree = "<group>"; };
		B8B1E1342BA3B10E00ECC399 /* ContentView.swift */ = {isa = PBXFileReference; lastKnownFileType = sourcecode.swift; path = ContentView.swift; sourceTree = "<group>"; };
		B8B1E1362BA3B10F00ECC399 /* Assets.xcassets */ = {isa = PBXFileReference; lastKnownFileType = folder.assetcatalog; path = Assets.xcassets; sourceTree = "<group>"; };
		B8B1E1382BA3B10F00ECC399 /* ImpossibleDream.entitlements */ = {isa = PBXFileReference; lastKnownFileType = text.plist.entitlements; path = ImpossibleDream.entitlements; sourceTree = "<group>"; };
		B8B1E13A2BA3B10F00ECC399 /* Preview Assets.xcassets */ = {isa = PBXFileReference; lastKnownFileType = folder.assetcatalog; path = "Preview Assets.xcassets"; sourceTree = "<group>"; };
		B8B1E1412BA3CE7200ECC399 /* WelcomeVideoViewController.swift */ = {isa = PBXFileReference; lastKnownFileType = sourcecode.swift; path = WelcomeVideoViewController.swift; sourceTree = "<group>"; };
		B8B1E1472BA3D0A900ECC399 /* WelcomeVideo.swift */ = {isa = PBXFileReference; lastKnownFileType = sourcecode.swift; path = WelcomeVideo.swift; sourceTree = "<group>"; };
		B8DE91FD2BA40605000DB1B4 /* RainbowGridView.swift */ = {isa = PBXFileReference; lastKnownFileType = sourcecode.swift; path = RainbowGridView.swift; sourceTree = "<group>"; };
		B8DE92002BA412F9000DB1B4 /* CoreHapticsManager.swift */ = {isa = PBXFileReference; lastKnownFileType = sourcecode.swift; path = CoreHapticsManager.swift; sourceTree = "<group>"; };
/* End PBXFileReference section */

/* Begin PBXFrameworksBuildPhase section */
		B8B1E12C2BA3B10E00ECC399 /* Frameworks */ = {
			isa = PBXFrameworksBuildPhase;
			buildActionMask = 2147483647;
			files = (
			);
			runOnlyForDeploymentPostprocessing = 0;
		};
/* End PBXFrameworksBuildPhase section */

/* Begin PBXGroup section */
		B818BA952BA4F7B600CF433C /* Model */ = {
			isa = PBXGroup;
			children = (
				B818BA982BA4FE0E00CF433C /* Goal.swift */,
				B818BA9A2BA4FE1600CF433C /* GoalTask.swift */,
			);
			path = Model;
			sourceTree = "<group>";
		};
		B818BAA22BA5189800CF433C /* Welcome */ = {
			isa = PBXGroup;
			children = (
				B818BA9C2BA5179100CF433C /* WelcomeView.swift */,
				B818BAA92BA53C9800CF433C /* WelcomeCreateGoalView.swift */,
			);
			path = Welcome;
			sourceTree = "<group>";
		};
		B818BAA62BA518E600CF433C /* Other */ = {
			isa = PBXGroup;
			children = (
				B8DE91FD2BA40605000DB1B4 /* RainbowGridView.swift */,
				B84605162BA68BA200505F44 /* Extensions.swift */,
			);
			path = Other;
			sourceTree = "<group>";
		};
		B846050F2BA6831000505F44 /* Goal */ = {
			isa = PBXGroup;
			children = (
				B84605102BA6831800505F44 /* GoalNavigationStack.swift */,
				B84605122BA684BB00505F44 /* GoalView.swift */,
				B84605142BA6885700505F44 /* GoalTaskRowView.swift */,
				B818BAA72BA519B000CF433C /* EditGoalView.swift */,
			);
			path = Goal;
			sourceTree = "<group>";
		};
		B8B1E1262BA3B10E00ECC399 = {
			isa = PBXGroup;
			children = (
				B8B1E1312BA3B10E00ECC399 /* ImpossibleDream */,
				B8B1E1302BA3B10E00ECC399 /* Products */,
			);
			sourceTree = "<group>";
		};
		B8B1E1302BA3B10E00ECC399 /* Products */ = {
			isa = PBXGroup;
			children = (
				B8B1E12F2BA3B10E00ECC399 /* ImpossibleDream.app */,
			);
			name = Products;
			sourceTree = "<group>";
		};
		B8B1E1312BA3B10E00ECC399 /* ImpossibleDream */ = {
			isa = PBXGroup;
			children = (
				B8B1E1362BA3B10F00ECC399 /* Assets.xcassets */,
				B8B1E1382BA3B10F00ECC399 /* ImpossibleDream.entitlements */,
				B8B1E1392BA3B10F00ECC399 /* Preview Content */,
				B8B1E1322BA3B10E00ECC399 /* ImpossibleDreamApp.swift */,
				B8B1E1342BA3B10E00ECC399 /* ContentView.swift */,
				B846050F2BA6831000505F44 /* Goal */,
				B818BAA22BA5189800CF433C /* Welcome */,
				B8B1E1462BA3D09A00ECC399 /* Video */,
				B8DE91FF2BA412EE000DB1B4 /* Haptics */,
				B818BAA62BA518E600CF433C /* Other */,
				B818BA952BA4F7B600CF433C /* Model */,
			);
			path = ImpossibleDream;
			sourceTree = "<group>";
		};
		B8B1E1392BA3B10F00ECC399 /* Preview Content */ = {
			isa = PBXGroup;
			children = (
				B8B1E13A2BA3B10F00ECC399 /* Preview Assets.xcassets */,
			);
			path = "Preview Content";
			sourceTree = "<group>";
		};
		B8B1E1462BA3D09A00ECC399 /* Video */ = {
			isa = PBXGroup;
			children = (
				B818BA932BA4B67200CF433C /* welcome.mp4 */,
				B8B1E1472BA3D0A900ECC399 /* WelcomeVideo.swift */,
				B8B1E1412BA3CE7200ECC399 /* WelcomeVideoViewController.swift */,
			);
			path = Video;
			sourceTree = "<group>";
		};
		B8DE91FF2BA412EE000DB1B4 /* Haptics */ = {
			isa = PBXGroup;
			children = (
				B8DE92002BA412F9000DB1B4 /* CoreHapticsManager.swift */,
			);
			path = Haptics;
			sourceTree = "<group>";
		};
/* End PBXGroup section */

/* Begin PBXNativeTarget section */
		B8B1E12E2BA3B10E00ECC399 /* ImpossibleDream */ = {
			isa = PBXNativeTarget;
			buildConfigurationList = B8B1E13E2BA3B10F00ECC399 /* Build configuration list for PBXNativeTarget "ImpossibleDream" */;
			buildPhases = (
				B8B1E12B2BA3B10E00ECC399 /* Sources */,
				B8B1E12C2BA3B10E00ECC399 /* Frameworks */,
				B8B1E12D2BA3B10E00ECC399 /* Resources */,
			);
			buildRules = (
			);
			dependencies = (
			);
			name = ImpossibleDream;
			productName = ImpossibleDream;
			productReference = B8B1E12F2BA3B10E00ECC399 /* ImpossibleDream.app */;
			productType = "com.apple.product-type.application";
		};
/* End PBXNativeTarget section */

/* Begin PBXProject section */
		B8B1E1272BA3B10E00ECC399 /* Project object */ = {
			isa = PBXProject;
			attributes = {
				BuildIndependentTargetsInParallel = 1;
				LastSwiftUpdateCheck = 1530;
				LastUpgradeCheck = 1530;
				TargetAttributes = {
					B8B1E12E2BA3B10E00ECC399 = {
						CreatedOnToolsVersion = 15.3;
					};
				};
			};
			buildConfigurationList = B8B1E12A2BA3B10E00ECC399 /* Build configuration list for PBXProject "ImpossibleDream" */;
			compatibilityVersion = "Xcode 14.0";
			developmentRegion = en;
			hasScannedForEncodings = 0;
			knownRegions = (
				en,
				Base,
			);
			mainGroup = B8B1E1262BA3B10E00ECC399;
			productRefGroup = B8B1E1302BA3B10E00ECC399 /* Products */;
			projectDirPath = "";
			projectRoot = "";
			targets = (
				B8B1E12E2BA3B10E00ECC399 /* ImpossibleDream */,
			);
		};
/* End PBXProject section */

/* Begin PBXResourcesBuildPhase section */
		B8B1E12D2BA3B10E00ECC399 /* Resources */ = {
			isa = PBXResourcesBuildPhase;
			buildActionMask = 2147483647;
			files = (
				B818BA942BA4B67200CF433C /* welcome.mp4 in Resources */,
				B8B1E13B2BA3B10F00ECC399 /* Preview Assets.xcassets in Resources */,
				B8B1E1372BA3B10F00ECC399 /* Assets.xcassets in Resources */,
			);
			runOnlyForDeploymentPostprocessing = 0;
		};
/* End PBXResourcesBuildPhase section */

/* Begin PBXSourcesBuildPhase section */
		B8B1E12B2BA3B10E00ECC399 /* Sources */ = {
			isa = PBXSourcesBuildPhase;
			buildActionMask = 2147483647;
			files = (
				B818BA992BA4FE0E00CF433C /* Goal.swift in Sources */,
				B84605152BA6885700505F44 /* GoalTaskRowView.swift in Sources */,
				B818BA9B2BA4FE1600CF433C /* GoalTask.swift in Sources */,
				B8B1E1482BA3D0A900ECC399 /* WelcomeVideo.swift in Sources */,
				B8B1E1422BA3CE7200ECC399 /* WelcomeVideoViewController.swift in Sources */,
				B84605112BA6831800505F44 /* GoalNavigationStack.swift in Sources */,
				B818BA9D2BA5179100CF433C /* WelcomeView.swift in Sources */,
				B8DE91FE2BA40605000DB1B4 /* RainbowGridView.swift in Sources */,
				B818BAAA2BA53C9800CF433C /* WelcomeCreateGoalView.swift in Sources */,
				B8B1E1352BA3B10E00ECC399 /* ContentView.swift in Sources */,
				B84605172BA68BA200505F44 /* Extensions.swift in Sources */,
				B8B1E1332BA3B10E00ECC399 /* ImpossibleDreamApp.swift in Sources */,
				B84605132BA684BB00505F44 /* GoalView.swift in Sources */,
				B8DE92012BA412F9000DB1B4 /* CoreHapticsManager.swift in Sources */,
				B818BAA82BA519B000CF433C /* EditGoalView.swift in Sources */,
			);
			runOnlyForDeploymentPostprocessing = 0;
		};
/* End PBXSourcesBuildPhase section */

/* Begin XCBuildConfiguration section */
		B8B1E13C2BA3B10F00ECC399 /* Debug */ = {
			isa = XCBuildConfiguration;
			buildSettings = {
				ALWAYS_SEARCH_USER_PATHS = NO;
				ASSETCATALOG_COMPILER_GENERATE_SWIFT_ASSET_SYMBOL_EXTENSIONS = YES;
				CLANG_ANALYZER_NONNULL = YES;
				CLANG_ANALYZER_NUMBER_OBJECT_CONVERSION = YES_AGGRESSIVE;
				CLANG_CXX_LANGUAGE_STANDARD = "gnu++20";
				CLANG_ENABLE_MODULES = YES;
				CLANG_ENABLE_OBJC_ARC = YES;
				CLANG_ENABLE_OBJC_WEAK = YES;
				CLANG_WARN_BLOCK_CAPTURE_AUTORELEASING = YES;
				CLANG_WARN_BOOL_CONVERSION = YES;
				CLANG_WARN_COMMA = YES;
				CLANG_WARN_CONSTANT_CONVERSION = YES;
				CLANG_WARN_DEPRECATED_OBJC_IMPLEMENTATIONS = YES;
				CLANG_WARN_DIRECT_OBJC_ISA_USAGE = YES_ERROR;
				CLANG_WARN_DOCUMENTATION_COMMENTS = YES;
				CLANG_WARN_EMPTY_BODY = YES;
				CLANG_WARN_ENUM_CONVERSION = YES;
				CLANG_WARN_INFINITE_RECURSION = YES;
				CLANG_WARN_INT_CONVERSION = YES;
				CLANG_WARN_NON_LITERAL_NULL_CONVERSION = YES;
				CLANG_WARN_OBJC_IMPLICIT_RETAIN_SELF = YES;
				CLANG_WARN_OBJC_LITERAL_CONVERSION = YES;
				CLANG_WARN_OBJC_ROOT_CLASS = YES_ERROR;
				CLANG_WARN_QUOTED_INCLUDE_IN_FRAMEWORK_HEADER = YES;
				CLANG_WARN_RANGE_LOOP_ANALYSIS = YES;
				CLANG_WARN_STRICT_PROTOTYPES = YES;
				CLANG_WARN_SUSPICIOUS_MOVE = YES;
				CLANG_WARN_UNGUARDED_AVAILABILITY = YES_AGGRESSIVE;
				CLANG_WARN_UNREACHABLE_CODE = YES;
				CLANG_WARN__DUPLICATE_METHOD_MATCH = YES;
				COPY_PHASE_STRIP = NO;
				DEBUG_INFORMATION_FORMAT = dwarf;
				ENABLE_STRICT_OBJC_MSGSEND = YES;
				ENABLE_TESTABILITY = YES;
				ENABLE_USER_SCRIPT_SANDBOXING = YES;
				GCC_C_LANGUAGE_STANDARD = gnu17;
				GCC_DYNAMIC_NO_PIC = NO;
				GCC_NO_COMMON_BLOCKS = YES;
				GCC_OPTIMIZATION_LEVEL = 0;
				GCC_PREPROCESSOR_DEFINITIONS = (
					"DEBUG=1",
					"$(inherited)",
				);
				GCC_WARN_64_TO_32_BIT_CONVERSION = YES;
				GCC_WARN_ABOUT_RETURN_TYPE = YES_ERROR;
				GCC_WARN_UNDECLARED_SELECTOR = YES;
				GCC_WARN_UNINITIALIZED_AUTOS = YES_AGGRESSIVE;
				GCC_WARN_UNUSED_FUNCTION = YES;
				GCC_WARN_UNUSED_VARIABLE = YES;
				LOCALIZATION_PREFERS_STRING_CATALOGS = YES;
				MTL_ENABLE_DEBUG_INFO = INCLUDE_SOURCE;
				MTL_FAST_MATH = YES;
				ONLY_ACTIVE_ARCH = YES;
				SWIFT_ACTIVE_COMPILATION_CONDITIONS = "DEBUG $(inherited)";
				SWIFT_OPTIMIZATION_LEVEL = "-Onone";
			};
			name = Debug;
		};
		B8B1E13D2BA3B10F00ECC399 /* Release */ = {
			isa = XCBuildConfiguration;
			buildSettings = {
				ALWAYS_SEARCH_USER_PATHS = NO;
				ASSETCATALOG_COMPILER_GENERATE_SWIFT_ASSET_SYMBOL_EXTENSIONS = YES;
				CLANG_ANALYZER_NONNULL = YES;
				CLANG_ANALYZER_NUMBER_OBJECT_CONVERSION = YES_AGGRESSIVE;
				CLANG_CXX_LANGUAGE_STANDARD = "gnu++20";
				CLANG_ENABLE_MODULES = YES;
				CLANG_ENABLE_OBJC_ARC = YES;
				CLANG_ENABLE_OBJC_WEAK = YES;
				CLANG_WARN_BLOCK_CAPTURE_AUTORELEASING = YES;
				CLANG_WARN_BOOL_CONVERSION = YES;
				CLANG_WARN_COMMA = YES;
				CLANG_WARN_CONSTANT_CONVERSION = YES;
				CLANG_WARN_DEPRECATED_OBJC_IMPLEMENTATIONS = YES;
				CLANG_WARN_DIRECT_OBJC_ISA_USAGE = YES_ERROR;
				CLANG_WARN_DOCUMENTATION_COMMENTS = YES;
				CLANG_WARN_EMPTY_BODY = YES;
				CLANG_WARN_ENUM_CONVERSION = YES;
				CLANG_WARN_INFINITE_RECURSION = YES;
				CLANG_WARN_INT_CONVERSION = YES;
				CLANG_WARN_NON_LITERAL_NULL_CONVERSION = YES;
				CLANG_WARN_OBJC_IMPLICIT_RETAIN_SELF = YES;
				CLANG_WARN_OBJC_LITERAL_CONVERSION = YES;
				CLANG_WARN_OBJC_ROOT_CLASS = YES_ERROR;
				CLANG_WARN_QUOTED_INCLUDE_IN_FRAMEWORK_HEADER = YES;
				CLANG_WARN_RANGE_LOOP_ANALYSIS = YES;
				CLANG_WARN_STRICT_PROTOTYPES = YES;
				CLANG_WARN_SUSPICIOUS_MOVE = YES;
				CLANG_WARN_UNGUARDED_AVAILABILITY = YES_AGGRESSIVE;
				CLANG_WARN_UNREACHABLE_CODE = YES;
				CLANG_WARN__DUPLICATE_METHOD_MATCH = YES;
				COPY_PHASE_STRIP = NO;
				DEBUG_INFORMATION_FORMAT = "dwarf-with-dsym";
				ENABLE_NS_ASSERTIONS = NO;
				ENABLE_STRICT_OBJC_MSGSEND = YES;
				ENABLE_USER_SCRIPT_SANDBOXING = YES;
				GCC_C_LANGUAGE_STANDARD = gnu17;
				GCC_NO_COMMON_BLOCKS = YES;
				GCC_WARN_64_TO_32_BIT_CONVERSION = YES;
				GCC_WARN_ABOUT_RETURN_TYPE = YES_ERROR;
				GCC_WARN_UNDECLARED_SELECTOR = YES;
				GCC_WARN_UNINITIALIZED_AUTOS = YES_AGGRESSIVE;
				GCC_WARN_UNUSED_FUNCTION = YES;
				GCC_WARN_UNUSED_VARIABLE = YES;
				LOCALIZATION_PREFERS_STRING_CATALOGS = YES;
				MTL_ENABLE_DEBUG_INFO = NO;
				MTL_FAST_MATH = YES;
				SWIFT_COMPILATION_MODE = wholemodule;
			};
			name = Release;
		};
		B8B1E13F2BA3B10F00ECC399 /* Debug */ = {
			isa = XCBuildConfiguration;
			buildSettings = {
				ASSETCATALOG_COMPILER_APPICON_NAME = AppIcon;
				ASSETCATALOG_COMPILER_GLOBAL_ACCENT_COLOR_NAME = AccentColor;
				CODE_SIGN_ENTITLEMENTS = ImpossibleDream/ImpossibleDream.entitlements;
				CODE_SIGN_STYLE = Automatic;
				CURRENT_PROJECT_VERSION = 1;
				DEVELOPMENT_ASSET_PATHS = "\"ImpossibleDream/Preview Content\"";
				DEVELOPMENT_TEAM = HV69QD4SV2;
				ENABLE_HARDENED_RUNTIME = YES;
				ENABLE_PREVIEWS = YES;
				GENERATE_INFOPLIST_FILE = YES;
				"INFOPLIST_KEY_UIApplicationSceneManifest_Generation[sdk=iphoneos*]" = YES;
				"INFOPLIST_KEY_UIApplicationSceneManifest_Generation[sdk=iphonesimulator*]" = YES;
				"INFOPLIST_KEY_UIApplicationSupportsIndirectInputEvents[sdk=iphoneos*]" = YES;
				"INFOPLIST_KEY_UIApplicationSupportsIndirectInputEvents[sdk=iphonesimulator*]" = YES;
				"INFOPLIST_KEY_UILaunchScreen_Generation[sdk=iphoneos*]" = YES;
				"INFOPLIST_KEY_UILaunchScreen_Generation[sdk=iphonesimulator*]" = YES;
				"INFOPLIST_KEY_UIStatusBarStyle[sdk=iphoneos*]" = UIStatusBarStyleDefault;
				"INFOPLIST_KEY_UIStatusBarStyle[sdk=iphonesimulator*]" = UIStatusBarStyleDefault;
				INFOPLIST_KEY_UISupportedInterfaceOrientations = UIInterfaceOrientationPortrait;
				INFOPLIST_KEY_UISupportedInterfaceOrientations_iPad = "UIInterfaceOrientationLandscapeLeft UIInterfaceOrientationLandscapeRight UIInterfaceOrientationPortrait UIInterfaceOrientationPortraitUpsideDown";
				IPHONEOS_DEPLOYMENT_TARGET = 17.4;
				LD_RUNPATH_SEARCH_PATHS = "@executable_path/Frameworks";
				"LD_RUNPATH_SEARCH_PATHS[sdk=macosx*]" = "@executable_path/../Frameworks";
				MACOSX_DEPLOYMENT_TARGET = 14.3;
				MARKETING_VERSION = 1.0;
				PRODUCT_BUNDLE_IDENTIFIER = "Carson-Gross.ImpossibleDream";
				PRODUCT_NAME = "$(TARGET_NAME)";
				SDKROOT = auto;
				SUPPORTED_PLATFORMS = "iphoneos iphonesimulator xros xrsimulator";
				SUPPORTS_MACCATALYST = NO;
				SUPPORTS_MAC_DESIGNED_FOR_IPHONE_IPAD = YES;
				SWIFT_EMIT_LOC_STRINGS = YES;
				SWIFT_STRICT_CONCURRENCY = complete;
				SWIFT_VERSION = 5.0;
				TARGETED_DEVICE_FAMILY = "1,2,7";
			};
			name = Debug;
		};
		B8B1E1402BA3B10F00ECC399 /* Release */ = {
			isa = XCBuildConfiguration;
			buildSettings = {
				ASSETCATALOG_COMPILER_APPICON_NAME = AppIcon;
				ASSETCATALOG_COMPILER_GLOBAL_ACCENT_COLOR_NAME = AccentColor;
				CODE_SIGN_ENTITLEMENTS = ImpossibleDream/ImpossibleDream.entitlements;
				CODE_SIGN_STYLE = Automatic;
				CURRENT_PROJECT_VERSION = 1;
				DEVELOPMENT_ASSET_PATHS = "\"ImpossibleDream/Preview Content\"";
				DEVELOPMENT_TEAM = HV69QD4SV2;
				ENABLE_HARDENED_RUNTIME = YES;
				ENABLE_PREVIEWS = YES;
				GENERATE_INFOPLIST_FILE = YES;
				"INFOPLIST_KEY_UIApplicationSceneManifest_Generation[sdk=iphoneos*]" = YES;
				"INFOPLIST_KEY_UIApplicationSceneManifest_Generation[sdk=iphonesimulator*]" = YES;
				"INFOPLIST_KEY_UIApplicationSupportsIndirectInputEvents[sdk=iphoneos*]" = YES;
				"INFOPLIST_KEY_UIApplicationSupportsIndirectInputEvents[sdk=iphonesimulator*]" = YES;
				"INFOPLIST_KEY_UILaunchScreen_Generation[sdk=iphoneos*]" = YES;
				"INFOPLIST_KEY_UILaunchScreen_Generation[sdk=iphonesimulator*]" = YES;
				"INFOPLIST_KEY_UIStatusBarStyle[sdk=iphoneos*]" = UIStatusBarStyleDefault;
				"INFOPLIST_KEY_UIStatusBarStyle[sdk=iphonesimulator*]" = UIStatusBarStyleDefault;
				INFOPLIST_KEY_UISupportedInterfaceOrientations = UIInterfaceOrientationPortrait;
				INFOPLIST_KEY_UISupportedInterfaceOrientations_iPad = "UIInterfaceOrientationLandscapeLeft UIInterfaceOrientationLandscapeRight UIInterfaceOrientationPortrait UIInterfaceOrientationPortraitUpsideDown";
				IPHONEOS_DEPLOYMENT_TARGET = 17.4;
				LD_RUNPATH_SEARCH_PATHS = "@executable_path/Frameworks";
				"LD_RUNPATH_SEARCH_PATHS[sdk=macosx*]" = "@executable_path/../Frameworks";
				MACOSX_DEPLOYMENT_TARGET = 14.3;
				MARKETING_VERSION = 1.0;
				PRODUCT_BUNDLE_IDENTIFIER = "Carson-Gross.ImpossibleDream";
				PRODUCT_NAME = "$(TARGET_NAME)";
				SDKROOT = auto;
				SUPPORTED_PLATFORMS = "iphoneos iphonesimulator xros xrsimulator";
				SUPPORTS_MACCATALYST = NO;
				SUPPORTS_MAC_DESIGNED_FOR_IPHONE_IPAD = YES;
				SWIFT_EMIT_LOC_STRINGS = YES;
				SWIFT_STRICT_CONCURRENCY = complete;
				SWIFT_VERSION = 5.0;
				TARGETED_DEVICE_FAMILY = "1,2,7";
			};
			name = Release;
		};
/* End XCBuildConfiguration section */

/* Begin XCConfigurationList section */
		B8B1E12A2BA3B10E00ECC399 /* Build configuration list for PBXProject "ImpossibleDream" */ = {
			isa = XCConfigurationList;
			buildConfigurations = (
				B8B1E13C2BA3B10F00ECC399 /* Debug */,
				B8B1E13D2BA3B10F00ECC399 /* Release */,
			);
			defaultConfigurationIsVisible = 0;
			defaultConfigurationName = Release;
		};
		B8B1E13E2BA3B10F00ECC399 /* Build configuration list for PBXNativeTarget "ImpossibleDream" */ = {
			isa = XCConfigurationList;
			buildConfigurations = (
				B8B1E13F2BA3B10F00ECC399 /* Debug */,
				B8B1E1402BA3B10F00ECC399 /* Release */,
			);
			defaultConfigurationIsVisible = 0;
			defaultConfigurationName = Release;
		};
/* End XCConfigurationList section */
	};
	rootObject = B8B1E1272BA3B10E00ECC399 /* Project object */;
}
